// !$*UTF8*$!
{
	archiveVersion = 1;
	classes = {
	};
	objectVersion = 50;
	objects = {

/* Begin PBXBuildFile section */
		5B4AD7F327332079004D206A /* ResultViewController.swift in Sources */ = {isa = PBXBuildFile; fileRef = 5B4AD7F227332079004D206A /* ResultViewController.swift */; };
		77F2F54C2733021900427400 /* AppDelegate.swift in Sources */ = {isa = PBXBuildFile; fileRef = 77F2F54B2733021900427400 /* AppDelegate.swift */; };
		77F2F54E2733021900427400 /* SceneDelegate.swift in Sources */ = {isa = PBXBuildFile; fileRef = 77F2F54D2733021900427400 /* SceneDelegate.swift */; };
		77F2F5502733021900427400 /* ViewController.swift in Sources */ = {isa = PBXBuildFile; fileRef = 77F2F54F2733021900427400 /* ViewController.swift */; };
		77F2F5532733021900427400 /* Main.storyboard in Resources */ = {isa = PBXBuildFile; fileRef = 77F2F5512733021900427400 /* Main.storyboard */; };
		77F2F5552733021D00427400 /* Assets.xcassets in Resources */ = {isa = PBXBuildFile; fileRef = 77F2F5542733021D00427400 /* Assets.xcassets */; };
		77F2F5582733021D00427400 /* LaunchScreen.storyboard in Resources */ = {isa = PBXBuildFile; fileRef = 77F2F5562733021D00427400 /* LaunchScreen.storyboard */; };
		77F2F5632733021E00427400 /* QuizAppTests.swift in Sources */ = {isa = PBXBuildFile; fileRef = 77F2F5622733021E00427400 /* QuizAppTests.swift */; };
		77F2F56E2733021E00427400 /* QuizAppUITests.swift in Sources */ = {isa = PBXBuildFile; fileRef = 77F2F56D2733021E00427400 /* QuizAppUITests.swift */; };
		77F2F57C2733091800427400 /* Questions.swift in Sources */ = {isa = PBXBuildFile; fileRef = 77F2F57B2733091800427400 /* Questions.swift */; };
		77F2F57E27330B0400427400 /* QuestionViewController.swift in Sources */ = {isa = PBXBuildFile; fileRef = 77F2F57D27330B0400427400 /* QuestionViewController.swift */; };
/* End PBXBuildFile section */

/* Begin PBXContainerItemProxy section */
		77F2F55F2733021E00427400 /* PBXContainerItemProxy */ = {
			isa = PBXContainerItemProxy;
			containerPortal = 77F2F5402733021900427400 /* Project object */;
			proxyType = 1;
			remoteGlobalIDString = 77F2F5472733021900427400;
			remoteInfo = QuizApp;
		};
		77F2F56A2733021E00427400 /* PBXContainerItemProxy */ = {
			isa = PBXContainerItemProxy;
			containerPortal = 77F2F5402733021900427400 /* Project object */;
			proxyType = 1;
			remoteGlobalIDString = 77F2F5472733021900427400;
			remoteInfo = QuizApp;
		};
/* End PBXContainerItemProxy section */

/* Begin PBXFileReference section */
		5B4AD7F227332079004D206A /* ResultViewController.swift */ = {isa = PBXFileReference; lastKnownFileType = sourcecode.swift; path = ResultViewController.swift; sourceTree = "<group>"; };
		77F2F5482733021900427400 /* QuizApp.app */ = {isa = PBXFileReference; explicitFileType = wrapper.application; includeInIndex = 0; path = QuizApp.app; sourceTree = BUILT_PRODUCTS_DIR; };
		77F2F54B2733021900427400 /* AppDelegate.swift */ = {isa = PBXFileReference; lastKnownFileType = sourcecode.swift; path = AppDelegate.swift; sourceTree = "<group>"; };
		77F2F54D2733021900427400 /* SceneDelegate.swift */ = {isa = PBXFileReference; lastKnownFileType = sourcecode.swift; path = SceneDelegate.swift; sourceTree = "<group>"; };
		77F2F54F2733021900427400 /* ViewController.swift */ = {isa = PBXFileReference; lastKnownFileType = sourcecode.swift; path = ViewController.swift; sourceTree = "<group>"; };
		77F2F5522733021900427400 /* Base */ = {isa = PBXFileReference; lastKnownFileType = file.storyboard; name = Base; path = Base.lproj/Main.storyboard; sourceTree = "<group>"; };
		77F2F5542733021D00427400 /* Assets.xcassets */ = {isa = PBXFileReference; lastKnownFileType = folder.assetcatalog; path = Assets.xcassets; sourceTree = "<group>"; };
		77F2F5572733021D00427400 /* Base */ = {isa = PBXFileReference; lastKnownFileType = file.storyboard; name = Base; path = Base.lproj/LaunchScreen.storyboard; sourceTree = "<group>"; };
		77F2F5592733021D00427400 /* Info.plist */ = {isa = PBXFileReference; lastKnownFileType = text.plist.xml; path = Info.plist; sourceTree = "<group>"; };
		77F2F55E2733021E00427400 /* QuizAppTests.xctest */ = {isa = PBXFileReference; explicitFileType = wrapper.cfbundle; includeInIndex = 0; path = QuizAppTests.xctest; sourceTree = BUILT_PRODUCTS_DIR; };
		77F2F5622733021E00427400 /* QuizAppTests.swift */ = {isa = PBXFileReference; lastKnownFileType = sourcecode.swift; path = QuizAppTests.swift; sourceTree = "<group>"; };
		77F2F5642733021E00427400 /* Info.plist */ = {isa = PBXFileReference; lastKnownFileType = text.plist.xml; path = Info.plist; sourceTree = "<group>"; };
		77F2F5692733021E00427400 /* QuizAppUITests.xctest */ = {isa = PBXFileReference; explicitFileType = wrapper.cfbundle; includeInIndex = 0; path = QuizAppUITests.xctest; sourceTree = BUILT_PRODUCTS_DIR; };
		77F2F56D2733021E00427400 /* QuizAppUITests.swift */ = {isa = PBXFileReference; lastKnownFileType = sourcecode.swift; path = QuizAppUITests.swift; sourceTree = "<group>"; };
		77F2F56F2733021E00427400 /* Info.plist */ = {isa = PBXFileReference; lastKnownFileType = text.plist.xml; path = Info.plist; sourceTree = "<group>"; };
		77F2F57B2733091800427400 /* Questions.swift */ = {isa = PBXFileReference; lastKnownFileType = sourcecode.swift; path = Questions.swift; sourceTree = "<group>"; };
		77F2F57D27330B0400427400 /* QuestionViewController.swift */ = {isa = PBXFileReference; lastKnownFileType = sourcecode.swift; path = QuestionViewController.swift; sourceTree = "<group>"; };
/* End PBXFileReference section */

/* Begin PBXFrameworksBuildPhase section */
		77F2F5452733021900427400 /* Frameworks */ = {
			isa = PBXFrameworksBuildPhase;
			buildActionMask = 2147483647;
			files = (
			);
			runOnlyForDeploymentPostprocessing = 0;
		};
		77F2F55B2733021E00427400 /* Frameworks */ = {
			isa = PBXFrameworksBuildPhase;
			buildActionMask = 2147483647;
			files = (
			);
			runOnlyForDeploymentPostprocessing = 0;
		};
		77F2F5662733021E00427400 /* Frameworks */ = {
			isa = PBXFrameworksBuildPhase;
			buildActionMask = 2147483647;
			files = (
			);
			runOnlyForDeploymentPostprocessing = 0;
		};
/* End PBXFrameworksBuildPhase section */

/* Begin PBXGroup section */
		77F2F53F2733021900427400 = {
			isa = PBXGroup;
			children = (
				77F2F54A2733021900427400 /* QuizApp */,
				77F2F5612733021E00427400 /* QuizAppTests */,
				77F2F56C2733021E00427400 /* QuizAppUITests */,
				77F2F5492733021900427400 /* Products */,
			);
			sourceTree = "<group>";
		};
		77F2F5492733021900427400 /* Products */ = {
			isa = PBXGroup;
			children = (
				77F2F5482733021900427400 /* QuizApp.app */,
				77F2F55E2733021E00427400 /* QuizAppTests.xctest */,
				77F2F5692733021E00427400 /* QuizAppUITests.xctest */,
			);
			name = Products;
			sourceTree = "<group>";
		};
		77F2F54A2733021900427400 /* QuizApp */ = {
			isa = PBXGroup;
			children = (
				77F2F54B2733021900427400 /* AppDelegate.swift */,
				77F2F54D2733021900427400 /* SceneDelegate.swift */,
				77F2F54F2733021900427400 /* ViewController.swift */,
				77F2F5512733021900427400 /* Main.storyboard */,
				77F2F5542733021D00427400 /* Assets.xcassets */,
				77F2F5562733021D00427400 /* LaunchScreen.storyboard */,
				77F2F5592733021D00427400 /* Info.plist */,
				77F2F57B2733091800427400 /* Questions.swift */,
				77F2F57D27330B0400427400 /* QuestionViewController.swift */,
				5B4AD7F227332079004D206A /* ResultViewController.swift */,
			);
			path = QuizApp;
			sourceTree = "<group>";
		};
		77F2F5612733021E00427400 /* QuizAppTests */ = {
			isa = PBXGroup;
			children = (
				77F2F5622733021E00427400 /* QuizAppTests.swift */,
				77F2F5642733021E00427400 /* Info.plist */,
			);
			path = QuizAppTests;
			sourceTree = "<group>";
		};
		77F2F56C2733021E00427400 /* QuizAppUITests */ = {
			isa = PBXGroup;
			children = (
				77F2F56D2733021E00427400 /* QuizAppUITests.swift */,
				77F2F56F2733021E00427400 /* Info.plist */,
			);
			path = QuizAppUITests;
			sourceTree = "<group>";
		};
/* End PBXGroup section */

/* Begin PBXNativeTarget section */
		77F2F5472733021900427400 /* QuizApp */ = {
			isa = PBXNativeTarget;
			buildConfigurationList = 77F2F5722733021E00427400 /* Build configuration list for PBXNativeTarget "QuizApp" */;
			buildPhases = (
				77F2F5442733021900427400 /* Sources */,
				77F2F5452733021900427400 /* Frameworks */,
				77F2F5462733021900427400 /* Resources */,
			);
			buildRules = (
			);
			dependencies = (
			);
			name = QuizApp;
			productName = QuizApp;
			productReference = 77F2F5482733021900427400 /* QuizApp.app */;
			productType = "com.apple.product-type.application";
		};
		77F2F55D2733021E00427400 /* QuizAppTests */ = {
			isa = PBXNativeTarget;
			buildConfigurationList = 77F2F5752733021E00427400 /* Build configuration list for PBXNativeTarget "QuizAppTests" */;
			buildPhases = (
				77F2F55A2733021E00427400 /* Sources */,
				77F2F55B2733021E00427400 /* Frameworks */,
				77F2F55C2733021E00427400 /* Resources */,
			);
			buildRules = (
			);
			dependencies = (
				77F2F5602733021E00427400 /* PBXTargetDependency */,
			);
			name = QuizAppTests;
			productName = QuizAppTests;
			productReference = 77F2F55E2733021E00427400 /* QuizAppTests.xctest */;
			productType = "com.apple.product-type.bundle.unit-test";
		};
		77F2F5682733021E00427400 /* QuizAppUITests */ = {
			isa = PBXNativeTarget;
			buildConfigurationList = 77F2F5782733021E00427400 /* Build configuration list for PBXNativeTarget "QuizAppUITests" */;
			buildPhases = (
				77F2F5652733021E00427400 /* Sources */,
				77F2F5662733021E00427400 /* Frameworks */,
				77F2F5672733021E00427400 /* Resources */,
			);
			buildRules = (
			);
			dependencies = (
				77F2F56B2733021E00427400 /* PBXTargetDependency */,
			);
			name = QuizAppUITests;
			productName = QuizAppUITests;
			productReference = 77F2F5692733021E00427400 /* QuizAppUITests.xctest */;
			productType = "com.apple.product-type.bundle.ui-testing";
		};
/* End PBXNativeTarget section */

/* Begin PBXProject section */
		77F2F5402733021900427400 /* Project object */ = {
			isa = PBXProject;
			attributes = {
				LastSwiftUpdateCheck = 1250;
				LastUpgradeCheck = 1250;
				TargetAttributes = {
					77F2F5472733021900427400 = {
						CreatedOnToolsVersion = 12.5;
					};
					77F2F55D2733021E00427400 = {
						CreatedOnToolsVersion = 12.5;
						TestTargetID = 77F2F5472733021900427400;
					};
					77F2F5682733021E00427400 = {
						CreatedOnToolsVersion = 12.5;
						TestTargetID = 77F2F5472733021900427400;
					};
				};
			};
			buildConfigurationList = 77F2F5432733021900427400 /* Build configuration list for PBXProject "QuizApp" */;
			compatibilityVersion = "Xcode 9.3";
			developmentRegion = en;
			hasScannedForEncodings = 0;
			knownRegions = (
				en,
				Base,
			);
			mainGroup = 77F2F53F2733021900427400;
			productRefGroup = 77F2F5492733021900427400 /* Products */;
			projectDirPath = "";
			projectRoot = "";
			targets = (
				77F2F5472733021900427400 /* QuizApp */,
				77F2F55D2733021E00427400 /* QuizAppTests */,
				77F2F5682733021E00427400 /* QuizAppUITests */,
			);
		};
/* End PBXProject section */

/* Begin PBXResourcesBuildPhase section */
		77F2F5462733021900427400 /* Resources */ = {
			isa = PBXResourcesBuildPhase;
			buildActionMask = 2147483647;
			files = (
				77F2F5582733021D00427400 /* LaunchScreen.storyboard in Resources */,
				77F2F5552733021D00427400 /* Assets.xcassets in Resources */,
				77F2F5532733021900427400 /* Main.storyboard in Resources */,
			);
			runOnlyForDeploymentPostprocessing = 0;
		};
		77F2F55C2733021E00427400 /* Resources */ = {
			isa = PBXResourcesBuildPhase;
			buildActionMask = 2147483647;
			files = (
			);
			runOnlyForDeploymentPostprocessing = 0;
		};
		77F2F5672733021E00427400 /* Resources */ = {
			isa = PBXResourcesBuildPhase;
			buildActionMask = 2147483647;
			files = (
			);
			runOnlyForDeploymentPostprocessing = 0;
		};
/* End PBXResourcesBuildPhase section */

/* Begin PBXSourcesBuildPhase section */
		77F2F5442733021900427400 /* Sources */ = {
			isa = PBXSourcesBuildPhase;
			buildActionMask = 2147483647;
			files = (
				77F2F5502733021900427400 /* ViewController.swift in Sources */,
				77F2F57E27330B0400427400 /* QuestionViewController.swift in Sources */,
				77F2F57C2733091800427400 /* Questions.swift in Sources */,
				77F2F54C2733021900427400 /* AppDelegate.swift in Sources */,
				77F2F54E2733021900427400 /* SceneDelegate.swift in Sources */,
				5B4AD7F327332079004D206A /* ResultViewController.swift in Sources */,
			);
			runOnlyForDeploymentPostprocessing = 0;
		};
		77F2F55A2733021E00427400 /* Sources */ = {
			isa = PBXSourcesBuildPhase;
			buildActionMask = 2147483647;
			files = (
				77F2F5632733021E00427400 /* QuizAppTests.swift in Sources */,
			);
			runOnlyForDeploymentPostprocessing = 0;
		};
		77F2F5652733021E00427400 /* Sources */ = {
			isa = PBXSourcesBuildPhase;
			buildActionMask = 2147483647;
			files = (
				77F2F56E2733021E00427400 /* QuizAppUITests.swift in Sources */,
			);
			runOnlyForDeploymentPostprocessing = 0;
		};
/* End PBXSourcesBuildPhase section */

/* Begin PBXTargetDependency section */
		77F2F5602733021E00427400 /* PBXTargetDependency */ = {
			isa = PBXTargetDependency;
			target = 77F2F5472733021900427400 /* QuizApp */;
			targetProxy = 77F2F55F2733021E00427400 /* PBXContainerItemProxy */;
		};
		77F2F56B2733021E00427400 /* PBXTargetDependency */ = {
			isa = PBXTargetDependency;
			target = 77F2F5472733021900427400 /* QuizApp */;
			targetProxy = 77F2F56A2733021E00427400 /* PBXContainerItemProxy */;
		};
/* End PBXTargetDependency section */

/* Begin PBXVariantGroup section */
		77F2F5512733021900427400 /* Main.storyboard */ = {
			isa = PBXVariantGroup;
			children = (
				77F2F5522733021900427400 /* Base */,
			);
			name = Main.storyboard;
			sourceTree = "<group>";
		};
		77F2F5562733021D00427400 /* LaunchScreen.storyboard */ = {
			isa = PBXVariantGroup;
			children = (
				77F2F5572733021D00427400 /* Base */,
			);
			name = LaunchScreen.storyboard;
			sourceTree = "<group>";
		};
/* End PBXVariantGroup section */

/* Begin XCBuildConfiguration section */
		77F2F5702733021E00427400 /* Debug */ = {
			isa = XCBuildConfiguration;
			buildSettings = {
				ALWAYS_SEARCH_USER_PATHS = NO;
				CLANG_ANALYZER_NONNULL = YES;
				CLANG_ANALYZER_NUMBER_OBJECT_CONVERSION = YES_AGGRESSIVE;
				CLANG_CXX_LANGUAGE_STANDARD = "gnu++14";
				CLANG_CXX_LIBRARY = "libc++";
				CLANG_ENABLE_MODULES = YES;
				CLANG_ENABLE_OBJC_ARC = YES;
				CLANG_ENABLE_OBJC_WEAK = YES;
				CLANG_WARN_BLOCK_CAPTURE_AUTORELEASING = YES;
				CLANG_WARN_BOOL_CONVERSION = YES;
				CLANG_WARN_COMMA = YES;
				CLANG_WARN_CONSTANT_CONVERSION = YES;
				CLANG_WARN_DEPRECATED_OBJC_IMPLEMENTATIONS = YES;
				CLANG_WARN_DIRECT_OBJC_ISA_USAGE = YES_ERROR;
				CLANG_WARN_DOCUMENTATION_COMMENTS = YES;
				CLANG_WARN_EMPTY_BODY = YES;
				CLANG_WARN_ENUM_CONVERSION = YES;
				CLANG_WARN_INFINITE_RECURSION = YES;
				CLANG_WARN_INT_CONVERSION = YES;
				CLANG_WARN_NON_LITERAL_NULL_CONVERSION = YES;
				CLANG_WARN_OBJC_IMPLICIT_RETAIN_SELF = YES;
				CLANG_WARN_OBJC_LITERAL_CONVERSION = YES;
				CLANG_WARN_OBJC_ROOT_CLASS = YES_ERROR;
				CLANG_WARN_QUOTED_INCLUDE_IN_FRAMEWORK_HEADER = YES;
				CLANG_WARN_RANGE_LOOP_ANALYSIS = YES;
				CLANG_WARN_STRICT_PROTOTYPES = YES;
				CLANG_WARN_SUSPICIOUS_MOVE = YES;
				CLANG_WARN_UNGUARDED_AVAILABILITY = YES_AGGRESSIVE;
				CLANG_WARN_UNREACHABLE_CODE = YES;
				CLANG_WARN__DUPLICATE_METHOD_MATCH = YES;
				COPY_PHASE_STRIP = NO;
				DEBUG_INFORMATION_FORMAT = dwarf;
				ENABLE_STRICT_OBJC_MSGSEND = YES;
				ENABLE_TESTABILITY = YES;
				GCC_C_LANGUAGE_STANDARD = gnu11;
				GCC_DYNAMIC_NO_PIC = NO;
				GCC_NO_COMMON_BLOCKS = YES;
				GCC_OPTIMIZATION_LEVEL = 0;
				GCC_PREPROCESSOR_DEFINITIONS = (
					"DEBUG=1",
					"$(inherited)",
				);
				GCC_WARN_64_TO_32_BIT_CONVERSION = YES;
				GCC_WARN_ABOUT_RETURN_TYPE = YES_ERROR;
				GCC_WARN_UNDECLARED_SELECTOR = YES;
				GCC_WARN_UNINITIALIZED_AUTOS = YES_AGGRESSIVE;
				GCC_WARN_UNUSED_FUNCTION = YES;
				GCC_WARN_UNUSED_VARIABLE = YES;
				IPHONEOS_DEPLOYMENT_TARGET = 14.5;
				MTL_ENABLE_DEBUG_INFO = INCLUDE_SOURCE;
				MTL_FAST_MATH = YES;
				ONLY_ACTIVE_ARCH = YES;
				SDKROOT = iphoneos;
				SWIFT_ACTIVE_COMPILATION_CONDITIONS = DEBUG;
				SWIFT_OPTIMIZATION_LEVEL = "-Onone";
			};
			name = Debug;
		};
		77F2F5712733021E00427400 /* Release */ = {
			isa = XCBuildConfiguration;
			buildSettings = {
				ALWAYS_SEARCH_USER_PATHS = NO;
				CLANG_ANALYZER_NONNULL = YES;
				CLANG_ANALYZER_NUMBER_OBJECT_CONVERSION = YES_AGGRESSIVE;
				CLANG_CXX_LANGUAGE_STANDARD = "gnu++14";
				CLANG_CXX_LIBRARY = "libc++";
				CLANG_ENABLE_MODULES = YES;
				CLANG_ENABLE_OBJC_ARC = YES;
				CLANG_ENABLE_OBJC_WEAK = YES;
				CLANG_WARN_BLOCK_CAPTURE_AUTORELEASING = YES;
				CLANG_WARN_BOOL_CONVERSION = YES;
				CLANG_WARN_COMMA = YES;
				CLANG_WARN_CONSTANT_CONVERSION = YES;
				CLANG_WARN_DEPRECATED_OBJC_IMPLEMENTATIONS = YES;
				CLANG_WARN_DIRECT_OBJC_ISA_USAGE = YES_ERROR;
				CLANG_WARN_DOCUMENTATION_COMMENTS = YES;
				CLANG_WARN_EMPTY_BODY = YES;
				CLANG_WARN_ENUM_CONVERSION = YES;
				CLANG_WARN_INFINITE_RECURSION = YES;
				CLANG_WARN_INT_CONVERSION = YES;
				CLANG_WARN_NON_LITERAL_NULL_CONVERSION = YES;
				CLANG_WARN_OBJC_IMPLICIT_RETAIN_SELF = YES;
				CLANG_WARN_OBJC_LITERAL_CONVERSION = YES;
				CLANG_WARN_OBJC_ROOT_CLASS = YES_ERROR;
				CLANG_WARN_QUOTED_INCLUDE_IN_FRAMEWORK_HEADER = YES;
				CLANG_WARN_RANGE_LOOP_ANALYSIS = YES;
				CLANG_WARN_STRICT_PROTOTYPES = YES;
				CLANG_WARN_SUSPICIOUS_MOVE = YES;
				CLANG_WARN_UNGUARDED_AVAILABILITY = YES_AGGRESSIVE;
				CLANG_WARN_UNREACHABLE_CODE = YES;
				CLANG_WARN__DUPLICATE_METHOD_MATCH = YES;
				COPY_PHASE_STRIP = NO;
				DEBUG_INFORMATION_FORMAT = "dwarf-with-dsym";
				ENABLE_NS_ASSERTIONS = NO;
				ENABLE_STRICT_OBJC_MSGSEND = YES;
				GCC_C_LANGUAGE_STANDARD = gnu11;
				GCC_NO_COMMON_BLOCKS = YES;
				GCC_WARN_64_TO_32_BIT_CONVERSION = YES;
				GCC_WARN_ABOUT_RETURN_TYPE = YES_ERROR;
				GCC_WARN_UNDECLARED_SELECTOR = YES;
				GCC_WARN_UNINITIALIZED_AUTOS = YES_AGGRESSIVE;
				GCC_WARN_UNUSED_FUNCTION = YES;
				GCC_WARN_UNUSED_VARIABLE = YES;
				IPHONEOS_DEPLOYMENT_TARGET = 14.5;
				MTL_ENABLE_DEBUG_INFO = NO;
				MTL_FAST_MATH = YES;
				SDKROOT = iphoneos;
				SWIFT_COMPILATION_MODE = wholemodule;
				SWIFT_OPTIMIZATION_LEVEL = "-O";
				VALIDATE_PRODUCT = YES;
			};
			name = Release;
		};
		77F2F5732733021E00427400 /* Debug */ = {
			isa = XCBuildConfiguration;
			buildSettings = {
				ASSETCATALOG_COMPILER_APPICON_NAME = AppIcon;
				ASSETCATALOG_COMPILER_GLOBAL_ACCENT_COLOR_NAME = AccentColor;
				CODE_SIGN_STYLE = Automatic;
				INFOPLIST_FILE = QuizApp/Info.plist;
				LD_RUNPATH_SEARCH_PATHS = (
					"$(inherited)",
					"@executable_path/Frameworks",
				);
				PRODUCT_BUNDLE_IDENTIFIER = com.QuizApp;
				PRODUCT_NAME = "$(TARGET_NAME)";
				SWIFT_VERSION = 5.0;
				TARGETED_DEVICE_FAMILY = "1,2";
			};
			name = Debug;
		};
		77F2F5742733021E00427400 /* Release */ = {
			isa = XCBuildConfiguration;
			buildSettings = {
				ASSETCATALOG_COMPILER_APPICON_NAME = AppIcon;
				ASSETCATALOG_COMPILER_GLOBAL_ACCENT_COLOR_NAME = AccentColor;
				CODE_SIGN_STYLE = Automatic;
				INFOPLIST_FILE = QuizApp/Info.plist;
				LD_RUNPATH_SEARCH_PATHS = (
					"$(inherited)",
					"@executable_path/Frameworks",
				);
				PRODUCT_BUNDLE_IDENTIFIER = com.QuizApp;
				PRODUCT_NAME = "$(TARGET_NAME)";
				SWIFT_VERSION = 5.0;
				TARGETED_DEVICE_FAMILY = "1,2";
			};
			name = Release;
		};
		77F2F5762733021E00427400 /* Debug */ = {
			isa = XCBuildConfiguration;
			buildSettings = {
				ALWAYS_EMBED_SWIFT_STANDARD_LIBRARIES = YES;
				BUNDLE_LOADER = "$(TEST_HOST)";
				CODE_SIGN_STYLE = Automatic;
				INFOPLIST_FILE = QuizAppTests/Info.plist;
				IPHONEOS_DEPLOYMENT_TARGET = 14.5;
				LD_RUNPATH_SEARCH_PATHS = (
					"$(inherited)",
					"@executable_path/Frameworks",
					"@loader_path/Frameworks",
				);
				PRODUCT_BUNDLE_IDENTIFIER = com.QuizAppTests;
				PRODUCT_NAME = "$(TARGET_NAME)";
				SWIFT_VERSION = 5.0;
				TARGETED_DEVICE_FAMILY = "1,2";
				TEST_HOST = "$(BUILT_PRODUCTS_DIR)/QuizApp.app/QuizApp";
			};
			name = Debug;
		};
		77F2F5772733021E00427400 /* Release */ = {
			isa = XCBuildConfiguration;
			buildSettings = {
				ALWAYS_EMBED_SWIFT_STANDARD_LIBRARIES = YES;
				BUNDLE_LOADER = "$(TEST_HOST)";
				CODE_SIGN_STYLE = Automatic;
				INFOPLIST_FILE = QuizAppTests/Info.plist;
				IPHONEOS_DEPLOYMENT_TARGET = 14.5;
				LD_RUNPATH_SEARCH_PATHS = (
					"$(inherited)",
					"@executable_path/Frameworks",
					"@loader_path/Frameworks",
				);
				PRODUCT_BUNDLE_IDENTIFIER = com.QuizAppTests;
				PRODUCT_NAME = "$(TARGET_NAME)";
				SWIFT_VERSION = 5.0;
				TARGETED_DEVICE_FAMILY = "1,2";
				TEST_HOST = "$(BUILT_PRODUCTS_DIR)/QuizApp.app/QuizApp";
			};
			name = Release;
		};
		77F2F5792733021E00427400 /* Debug */ = {
			isa = XCBuildConfiguration;
			buildSettings = {
				ALWAYS_EMBED_SWIFT_STANDARD_LIBRARIES = YES;
				CODE_SIGN_STYLE = Automatic;
				INFOPLIST_FILE = QuizAppUITests/Info.plist;
				LD_RUNPATH_SEARCH_PATHS = (
					"$(inherited)",
					"@executable_path/Frameworks",
					"@loader_path/Frameworks",
				);
				PRODUCT_BUNDLE_IDENTIFIER = com.QuizAppUITests;
				PRODUCT_NAME = "$(TARGET_NAME)";
				SWIFT_VERSION = 5.0;
				TARGETED_DEVICE_FAMILY = "1,2";
				TEST_TARGET_NAME = QuizApp;
			};
			name = Debug;
		};
		77F2F57A2733021E00427400 /* Release */ = {
			isa = XCBuildConfiguration;
			buildSettings = {
				ALWAYS_EMBED_SWIFT_STANDARD_LIBRARIES = YES;
				CODE_SIGN_STYLE = Automatic;
				INFOPLIST_FILE = QuizAppUITests/Info.plist;
				LD_RUNPATH_SEARCH_PATHS = (
					"$(inherited)",
					"@executable_path/Frameworks",
					"@loader_path/Frameworks",
				);
				PRODUCT_BUNDLE_IDENTIFIER = com.QuizAppUITests;
				PRODUCT_NAME = "$(TARGET_NAME)";
				SWIFT_VERSION = 5.0;
				TARGETED_DEVICE_FAMILY = "1,2";
				TEST_TARGET_NAME = QuizApp;
			};
			name = Release;
		};
/* End XCBuildConfiguration section */

/* Begin XCConfigurationList section */
		77F2F5432733021900427400 /* Build configuration list for PBXProject "QuizApp" */ = {
			isa = XCConfigurationList;
			buildConfigurations = (
				77F2F5702733021E00427400 /* Debug */,
				77F2F5712733021E00427400 /* Release */,
			);
			defaultConfigurationIsVisible = 0;
			defaultConfigurationName = Release;
		};
		77F2F5722733021E00427400 /* Build configuration list for PBXNativeTarget "QuizApp" */ = {
			isa = XCConfigurationList;
			buildConfigurations = (
				77F2F5732733021E00427400 /* Debug */,
				77F2F5742733021E00427400 /* Release */,
			);
			defaultConfigurationIsVisible = 0;
			defaultConfigurationName = Release;
		};
		77F2F5752733021E00427400 /* Build configuration list for PBXNativeTarget "QuizAppTests" */ = {
			isa = XCConfigurationList;
			buildConfigurations = (
				77F2F5762733021E00427400 /* Debug */,
				77F2F5772733021E00427400 /* Release */,
			);
			defaultConfigurationIsVisible = 0;
			defaultConfigurationName = Release;
		};
		77F2F5782733021E00427400 /* Build configuration list for PBXNativeTarget "QuizAppUITests" */ = {
			isa = XCConfigurationList;
			buildConfigurations = (
				77F2F5792733021E00427400 /* Debug */,
				77F2F57A2733021E00427400 /* Release */,
			);
			defaultConfigurationIsVisible = 0;
			defaultConfigurationName = Release;
		};
/* End XCConfigurationList section */
	};
	rootObject = 77F2F5402733021900427400 /* Project object */;
}
